
Microsoft Visual Studio Solution File, Format Version 12.00
# Visual Studio Version 16
VisualStudioVersion = 16.0.31205.134
MinimumVisualStudioVersion = 10.0.40219.1
Project("{FAE04EC0-301F-11D3-BF4B-00C04F79EFBC}") = "fukuv0527", "fukuv0527\fukuv0527.csproj", "{396E59A9-88F5-45A1-91DD-D39E407850BE}"
EndProject
Global
	GlobalSection(SolutionConfigurationPlatforms) = preSolution
		Debug|Any CPU = Debug|Any CPU
		Release|Any CPU = Release|Any CPU
	EndGlobalSection
	GlobalSection(ProjectConfigurationPlatforms) = postSolution
		{396E59A9-88F5-45A1-91DD-D39E407850BE}.Debug|Any CPU.ActiveCfg = Debug|Any CPU
		{396E59A9-88F5-45A1-91DD-D39E407850BE}.Debug|Any CPU.Build.0 = Debug|Any CPU
		{396E59A9-88F5-45A1-91DD-D39E407850BE}.Release|Any CPU.ActiveCfg = Release|Any CPU
		{396E59A9-88F5-45A1-91DD-D39E407850BE}.Release|Any CPU.Build.0 = Release|Any CPU
	EndGlobalSection
	GlobalSection(SolutionProperties) = preSolution
		HideSolutionNode = FALSE
	EndGlobalSection
	GlobalSection(ExtensibilityGlobals) = postSolution
		SolutionGuid = {EFFEEDF8-A9F4-4F0F-9A73-8374A965BBBE}
	EndGlobalSection
EndGlobal
